
Microsoft Visual Studio Solution File, Format Version 12.00
# Visual Studio Version 16
VisualStudioVersion = 16.0.31112.23
MinimumVisualStudioVersion = 10.0.40219.1
Project("{2150E333-8FDC-42A3-9474-1A3956D46DE8}") = "src", "src", "{3CE7FF94-E173-416F-8DA9-1FC3B1B6200D}"
EndProject
Project("{2150E333-8FDC-42A3-9474-1A3956D46DE8}") = "test", "test", "{FFA83B10-2949-498A-93D4-86ABF6B67410}"
EndProject
Project("{2150E333-8FDC-42A3-9474-1A3956D46DE8}") = "Core", "Core", "{85E97E84-9441-499D-806B-F47870BD94A6}"
EndProject
Project("{9A19103F-16F7-4668-BE54-9A1E7A4F7556}") = "TCC.Domain", "TCC.Domain\TCC.Domain.csproj", "{2980F37B-E135-4F84-A04C-6B0BB7F0C3F3}"
EndProject
Project("{9A19103F-16F7-4668-BE54-9A1E7A4F7556}") = "TCC.Application", "TCC.Application\TCC.Application.csproj", "{3195998A-225D-48DC-BDF9-49B69150E17F}"
EndProject
Project("{2150E333-8FDC-42A3-9474-1A3956D46DE8}") = "Infrastructure", "Infrastructure", "{20E24397-62DB-4BAB-8691-B58845354673}"
EndProject
Project("{9A19103F-16F7-4668-BE54-9A1E7A4F7556}") = "TCC.Persistence", "TCC.Persistence\TCC.Persistence.csproj", "{D8D45EE4-BFC3-4AF8-A5D4-21CE2A78545E}"
EndProject
Project("{9A19103F-16F7-4668-BE54-9A1E7A4F7556}") = "TCC.Infrastructure", "TCC.Infrastructure\TCC.Infrastructure.csproj", "{731E0288-63EA-4B5E-9F36-AE53FAF49548}"
EndProject
Project("{2150E333-8FDC-42A3-9474-1A3956D46DE8}") = "API", "API", "{31731837-6C82-4EBB-BD48-99AB5C77AE4A}"
EndProject
Project("{9A19103F-16F7-4668-BE54-9A1E7A4F7556}") = "TCC.Api", "TCC.Api\TCC.Api.csproj", "{B5649D85-4E92-4C24-967B-F31409BC8255}"
EndProject
Project("{9A19103F-16F7-4668-BE54-9A1E7A4F7556}") = "ConsoleTest", "ConsoleTest\ConsoleTest.csproj", "{54495C42-BB0C-42CC-86F3-9F74198367F7}"
EndProject
Project("{FAE04EC0-301F-11D3-BF4B-00C04F79EFBC}") = "TCC.Application.UnitTests", "TCC.Application.UnitTests\TCC.Application.UnitTests.csproj", "{07B61D06-671B-4484-BAEC-0230493E452D}"
EndProject
Global
	GlobalSection(SolutionConfigurationPlatforms) = preSolution
		Debug|Any CPU = Debug|Any CPU
		Release|Any CPU = Release|Any CPU
	EndGlobalSection
	GlobalSection(ProjectConfigurationPlatforms) = postSolution
		{2980F37B-E135-4F84-A04C-6B0BB7F0C3F3}.Debug|Any CPU.ActiveCfg = Debug|Any CPU
		{2980F37B-E135-4F84-A04C-6B0BB7F0C3F3}.Debug|Any CPU.Build.0 = Debug|Any CPU
		{2980F37B-E135-4F84-A04C-6B0BB7F0C3F3}.Release|Any CPU.ActiveCfg = Release|Any CPU
		{2980F37B-E135-4F84-A04C-6B0BB7F0C3F3}.Release|Any CPU.Build.0 = Release|Any CPU
		{3195998A-225D-48DC-BDF9-49B69150E17F}.Debug|Any CPU.ActiveCfg = Debug|Any CPU
		{3195998A-225D-48DC-BDF9-49B69150E17F}.Debug|Any CPU.Build.0 = Debug|Any CPU
		{3195998A-225D-48DC-BDF9-49B69150E17F}.Release|Any CPU.ActiveCfg = Release|Any CPU
		{3195998A-225D-48DC-BDF9-49B69150E17F}.Release|Any CPU.Build.0 = Release|Any CPU
		{D8D45EE4-BFC3-4AF8-A5D4-21CE2A78545E}.Debug|Any CPU.ActiveCfg = Debug|Any CPU
		{D8D45EE4-BFC3-4AF8-A5D4-21CE2A78545E}.Debug|Any CPU.Build.0 = Debug|Any CPU
		{D8D45EE4-BFC3-4AF8-A5D4-21CE2A78545E}.Release|Any CPU.ActiveCfg = Release|Any CPU
		{D8D45EE4-BFC3-4AF8-A5D4-21CE2A78545E}.Release|Any CPU.Build.0 = Release|Any CPU
		{731E0288-63EA-4B5E-9F36-AE53FAF49548}.Debug|Any CPU.ActiveCfg = Debug|Any CPU
		{731E0288-63EA-4B5E-9F36-AE53FAF49548}.Debug|Any CPU.Build.0 = Debug|Any CPU
		{731E0288-63EA-4B5E-9F36-AE53FAF49548}.Release|Any CPU.ActiveCfg = Release|Any CPU
		{731E0288-63EA-4B5E-9F36-AE53FAF49548}.Release|Any CPU.Build.0 = Release|Any CPU
		{B5649D85-4E92-4C24-967B-F31409BC8255}.Debug|Any CPU.ActiveCfg = Debug|Any CPU
		{B5649D85-4E92-4C24-967B-F31409BC8255}.Debug|Any CPU.Build.0 = Debug|Any CPU
		{B5649D85-4E92-4C24-967B-F31409BC8255}.Release|Any CPU.ActiveCfg = Release|Any CPU
		{B5649D85-4E92-4C24-967B-F31409BC8255}.Release|Any CPU.Build.0 = Release|Any CPU
		{54495C42-BB0C-42CC-86F3-9F74198367F7}.Debug|Any CPU.ActiveCfg = Debug|Any CPU
		{54495C42-BB0C-42CC-86F3-9F74198367F7}.Debug|Any CPU.Build.0 = Debug|Any CPU
		{54495C42-BB0C-42CC-86F3-9F74198367F7}.Release|Any CPU.ActiveCfg = Release|Any CPU
		{54495C42-BB0C-42CC-86F3-9F74198367F7}.Release|Any CPU.Build.0 = Release|Any CPU
		{07B61D06-671B-4484-BAEC-0230493E452D}.Debug|Any CPU.ActiveCfg = Debug|Any CPU
		{07B61D06-671B-4484-BAEC-0230493E452D}.Debug|Any CPU.Build.0 = Debug|Any CPU
		{07B61D06-671B-4484-BAEC-0230493E452D}.Release|Any CPU.ActiveCfg = Release|Any CPU
		{07B61D06-671B-4484-BAEC-0230493E452D}.Release|Any CPU.Build.0 = Release|Any CPU
	EndGlobalSection
	GlobalSection(SolutionProperties) = preSolution
		HideSolutionNode = FALSE
	EndGlobalSection
	GlobalSection(NestedProjects) = preSolution
		{85E97E84-9441-499D-806B-F47870BD94A6} = {3CE7FF94-E173-416F-8DA9-1FC3B1B6200D}
		{2980F37B-E135-4F84-A04C-6B0BB7F0C3F3} = {85E97E84-9441-499D-806B-F47870BD94A6}
		{3195998A-225D-48DC-BDF9-49B69150E17F} = {85E97E84-9441-499D-806B-F47870BD94A6}
		{20E24397-62DB-4BAB-8691-B58845354673} = {3CE7FF94-E173-416F-8DA9-1FC3B1B6200D}
		{D8D45EE4-BFC3-4AF8-A5D4-21CE2A78545E} = {20E24397-62DB-4BAB-8691-B58845354673}
		{731E0288-63EA-4B5E-9F36-AE53FAF49548} = {20E24397-62DB-4BAB-8691-B58845354673}
		{31731837-6C82-4EBB-BD48-99AB5C77AE4A} = {3CE7FF94-E173-416F-8DA9-1FC3B1B6200D}
		{B5649D85-4E92-4C24-967B-F31409BC8255} = {31731837-6C82-4EBB-BD48-99AB5C77AE4A}
		{54495C42-BB0C-42CC-86F3-9F74198367F7} = {FFA83B10-2949-498A-93D4-86ABF6B67410}
		{07B61D06-671B-4484-BAEC-0230493E452D} = {FFA83B10-2949-498A-93D4-86ABF6B67410}
	EndGlobalSection
	GlobalSection(ExtensibilityGlobals) = postSolution
		SolutionGuid = {F95ADAFC-D2D4-4282-B032-0D61AEBBBEDB}
	EndGlobalSection
EndGlobal
